<?xml version="1.0" encoding="utf-8"?>
<Project ToolsVersion="4.0" xmlns="http://schemas.microsoft.com/developer/msbuild/2003">
  <ItemGroup>
    <Filter Include="Source Files">
      <UniqueIdentifier>{4FC737F1-C7A5-4376-A066-2A32D752A2FF}</UniqueIdentifier>
      <Extensions>cpp;c;cc;cxx;def;odl;idl;hpj;bat;asm;asmx</Extensions>
    </Filter>
    <Filter Include="Header Files">
      <UniqueIdentifier>{93995380-89BD-4b04-88EB-625FBE52EBFB}</UniqueIdentifier>
      <Extensions>h;hpp;hxx;hm;inl;inc;xsd</Extensions>
    </Filter>
    <Filter Include="Resource Files">
      <UniqueIdentifier>{67DA6AB6-F800-4c08-8B7A-83BB121AAD01}</UniqueIdentifier>
      <Extensions>rc;ico;cur;bmp;dlg;rc2;rct;bin;rgs;gif;jpg;jpeg;jpe;resx;tiff;tif;png;wav</Extensions>
    </Filter>
    <Filter Include="Library Files">
      <UniqueIdentifier>{53186646-becc-4871-81e3-850b5532cbcc}</UniqueIdentifier>
    </Filter>
  </ItemGroup>
  <ItemGroup>
    <ClCompile Include="stdafx.cpp">
      <Filter>Source Files</Filter>
    </ClCompile>
    <ClCompile Include="VirtualChecker.cpp">
      <Filter>Source Files</Filter>
    </ClCompile>
    <ClCompile Include="VirtualCheckerDlg.cpp">
      <Filter>Source Files</Filter>
    </ClCompile>
    <ClCompile Include="IsCurrentUserLocalAdministrator.cpp">
      <Filter>Library Files</Filter>
    </ClCompile>
  </ItemGroup>
  <ItemGroup>
    <ClInclude Include="OlsApiInit.h">
      <Filter>Header Files</Filter>
    </ClInclude>
    <ClInclude Include="OlsDef.h">
      <Filter>Header Files</Filter>
    </ClInclude>
    <ClInclude Include="Resource.h">
      <Filter>Header Files</Filter>
    </ClInclude>
    <ClInclude Include="stdafx.h">
      <Filter>Header Files</Filter>
    </ClInclude>
    <ClInclude Include="VirtualChecker.h">
      <Filter>Header Files</Filter>
    </ClInclude>
    <ClInclude Include="VirtualCheckerDlg.h">
      <Filter>Header Files</Filter>
    </ClInclude>
    <ClInclude Include="IsCurrentUserLocalAdministrator.h">
      <Filter>Library Files</Filter>
    </ClInclude>
  </ItemGroup>
  <ItemGroup>
    <None Include="res\VirtualChecker.ico">
      <Filter>Resource Files</Filter>
    </None>
    <None Include="res\VirtualChecker.rc2">
      <Filter>Resource Files</Filter>
    </None>
    <None Include="res\Background.bmp">
      <Filter>Resource Files</Filter>
    </None>
    <None Include="res\Disabled.bmp">
      <Filter>Resource Files</Filter>
    </None>
    <None Include="res\Unsupported.bmp">
      <Filter>Resource Files</Filter>
    </None>
    <None Include="res\Enabled.bmp">
      <Filter>Resource Files</Filter>
    </None>
    <None Include="res\Supported.bmp">
      <Filter>Resource Files</Filter>
    </None>
    <None Include="res\DisabledUnsupported.bmp">
      <Filter>Resource Files</Filter>
    </None>
  </ItemGroup>
  <ItemGroup>
    <ResourceCompile Include="VirtualChecker.rc">
      <Filter>Resource Files</Filter>
    </ResourceCompile>
  </ItemGroup>
</Project>